dependencies:
- name: postgresql
  repository: https://raw.githubusercontent.com/bitnami/charts/archive-full-index/bitnami
  version: 12.2.5
- name: solr
  repository: https://raw.githubusercontent.com/bitnami/charts/archive-full-index/bitnami
  version: 4.1.2
digest: sha256:e1d1ce06b3dcd46ea69cc56fc641e47cd83cb2b35a2e2bc46800a4fec53f3aa8
generated: "2023-11-27T13:42:27.005168-08:00"
